
Microsoft Visual Studio Solution File, Format Version 12.00
# Visual Studio Version 17
VisualStudioVersion = 17.10.34928.147
MinimumVisualStudioVersion = 10.0.40219.1
Project("{FAE04EC0-301F-11D3-BF4B-00C04F79EFBC}") = "GestorVisitas.Data", "GestorVisitas.Data.csproj", "{E7761EE5-3376-428B-AA0F-E4E8719176ED}"
EndProject
Project("{FAE04EC0-301F-11D3-BF4B-00C04F79EFBC}") = "GestorVisitas.Web", "..\GestorVisitas.Web\GestorVisitas.Web.csproj", "{76E3CED6-FE0C-4B5F-A8D2-E814DE9DBFCE}"
EndProject
Project("{FAE04EC0-301F-11D3-BF4B-00C04F79EFBC}") = "GestorVisitas.Data.Test", "..\GestorVisitas.Test\GestorVisitas.Data.Test.csproj", "{125C41F7-E205-45D9-8C0C-74C54842D379}"
EndProject
Global
	GlobalSection(SolutionConfigurationPlatforms) = preSolution
		Debug|Any CPU = Debug|Any CPU
		Release|Any CPU = Release|Any CPU
	EndGlobalSection
	GlobalSection(ProjectConfigurationPlatforms) = postSolution
		{E7761EE5-3376-428B-AA0F-E4E8719176ED}.Debug|Any CPU.ActiveCfg = Debug|Any CPU
		{E7761EE5-3376-428B-AA0F-E4E8719176ED}.Debug|Any CPU.Build.0 = Debug|Any CPU
		{E7761EE5-3376-428B-AA0F-E4E8719176ED}.Release|Any CPU.ActiveCfg = Release|Any CPU
		{E7761EE5-3376-428B-AA0F-E4E8719176ED}.Release|Any CPU.Build.0 = Release|Any CPU
		{76E3CED6-FE0C-4B5F-A8D2-E814DE9DBFCE}.Debug|Any CPU.ActiveCfg = Debug|Any CPU
		{76E3CED6-FE0C-4B5F-A8D2-E814DE9DBFCE}.Debug|Any CPU.Build.0 = Debug|Any CPU
		{76E3CED6-FE0C-4B5F-A8D2-E814DE9DBFCE}.Release|Any CPU.ActiveCfg = Release|Any CPU
		{76E3CED6-FE0C-4B5F-A8D2-E814DE9DBFCE}.Release|Any CPU.Build.0 = Release|Any CPU
		{125C41F7-E205-45D9-8C0C-74C54842D379}.Debug|Any CPU.ActiveCfg = Debug|Any CPU
		{125C41F7-E205-45D9-8C0C-74C54842D379}.Debug|Any CPU.Build.0 = Debug|Any CPU
		{125C41F7-E205-45D9-8C0C-74C54842D379}.Release|Any CPU.ActiveCfg = Release|Any CPU
		{125C41F7-E205-45D9-8C0C-74C54842D379}.Release|Any CPU.Build.0 = Release|Any CPU
	EndGlobalSection
	GlobalSection(SolutionProperties) = preSolution
		HideSolutionNode = FALSE
	EndGlobalSection
	GlobalSection(ExtensibilityGlobals) = postSolution
		SolutionGuid = {95901C64-F0C5-42A4-B4D3-B4EF17378909}
	EndGlobalSection
EndGlobal
